// !$*UTF8*$!
{
	archiveVersion = 1;
	classes = {
	};
	objectVersion = 77;
	objects = {

/* Begin PBXBuildFile section */
		BDB54BE22F994666006D4A14 /* PatientListView.swift in Sources */ = {isa = PBXBuildFile; fileRef = BDB54BDC2F994666006D4A14 /* PatientListView.swift */; };
		BDB54BE32F994666006D4A14 /* StatsView.swift in Sources */ = {isa = PBXBuildFile; fileRef = BDB54BE02F994666006D4A14 /* StatsView.swift */; };
		BDB54BE42F994666006D4A14 /* HomeView.swift in Sources */ = {isa = PBXBuildFile; fileRef = BDB54BDA2F994666006D4A14 /* HomeView.swift */; };
		BDB54BE52F994666006D4A14 /* SettingsView.swift in Sources */ = {isa = PBXBuildFile; fileRef = BDB54BDE2F994666006D4A14 /* SettingsView.swift */; };
		BDB54BE62F994666006D4A14 /* SignInView.swift in Sources */ = {isa = PBXBuildFile; fileRef = BDB54BDF2F994666006D4A14 /* SignInView.swift */; };
		BDB54BE72F994666006D4A14 /* CalendarView.swift in Sources */ = {isa = PBXBuildFile; fileRef = BDB54BD92F994666006D4A14 /* CalendarView.swift */; };
		BDB54BE82F994666006D4A14 /* Theme.swift in Sources */ = {isa = PBXBuildFile; fileRef = BDB54BD72F994666006D4A14 /* Theme.swift */; };
		BDB54BE92F994666006D4A14 /* JournalEntryView.swift in Sources */ = {isa = PBXBuildFile; fileRef = BDB54BDB2F994666006D4A14 /* JournalEntryView.swift */; };
		BDB54BEA2F994666006D4A14 /* RoleSelectionView.swift in Sources */ = {isa = PBXBuildFile; fileRef = BDB54BDD2F994666006D4A14 /* RoleSelectionView.swift */; };
		BDB54BEC2F99473A006D4A14 /* PulsaraComponents.swift in Sources */ = {isa = PBXBuildFile; fileRef = BDB54BEB2F99473A006D4A14 /* PulsaraComponents.swift */; };
/* End PBXBuildFile section */

/* Begin PBXContainerItemProxy section */
		BDB54B7E2F99409C006D4A14 /* PBXContainerItemProxy */ = {
			isa = PBXContainerItemProxy;
			containerPortal = BDB54B682F99409B006D4A14 /* Project object */;
			proxyType = 1;
			remoteGlobalIDString = BDB54B6F2F99409B006D4A14;
			remoteInfo = Pulsara;
		};
		BDB54B882F99409C006D4A14 /* PBXContainerItemProxy */ = {
			isa = PBXContainerItemProxy;
			containerPortal = BDB54B682F99409B006D4A14 /* Project object */;
			proxyType = 1;
			remoteGlobalIDString = BDB54B6F2F99409B006D4A14;
			remoteInfo = Pulsara;
		};
/* End PBXContainerItemProxy section */

/* Begin PBXFileReference section */
		BDB54B702F99409B006D4A14 /* Pulsara.app */ = {isa = PBXFileReference; explicitFileType = wrapper.application; includeInIndex = 0; path = Pulsara.app; sourceTree = BUILT_PRODUCTS_DIR; };
		BDB54B7D2F99409C006D4A14 /* PulsaraTests.xctest */ = {isa = PBXFileReference; explicitFileType = wrapper.cfbundle; includeInIndex = 0; path = PulsaraTests.xctest; sourceTree = BUILT_PRODUCTS_DIR; };
		BDB54B872F99409C006D4A14 /* PulsaraUITests.xctest */ = {isa = PBXFileReference; explicitFileType = wrapper.cfbundle; includeInIndex = 0; path = PulsaraUITests.xctest; sourceTree = BUILT_PRODUCTS_DIR; };
		BDB54BD72F994666006D4A14 /* Theme.swift */ = {isa = PBXFileReference; lastKnownFileType = sourcecode.swift; path = Theme.swift; sourceTree = "<group>"; };
		BDB54BD92F994666006D4A14 /* CalendarView.swift */ = {isa = PBXFileReference; lastKnownFileType = sourcecode.swift; path = CalendarView.swift; sourceTree = "<group>"; };
		BDB54BDA2F994666006D4A14 /* HomeView.swift */ = {isa = PBXFileReference; lastKnownFileType = sourcecode.swift; path = HomeView.swift; sourceTree = "<group>"; };
		BDB54BDB2F994666006D4A14 /* JournalEntryView.swift */ = {isa = PBXFileReference; lastKnownFileType = sourcecode.swift; path = JournalEntryView.swift; sourceTree = "<group>"; };
		BDB54BDC2F994666006D4A14 /* PatientListView.swift */ = {isa = PBXFileReference; lastKnownFileType = sourcecode.swift; path = PatientListView.swift; sourceTree = "<group>"; };
		BDB54BDD2F994666006D4A14 /* RoleSelectionView.swift */ = {isa = PBXFileReference; lastKnownFileType = sourcecode.swift; path = RoleSelectionView.swift; sourceTree = "<group>"; };
		BDB54BDE2F994666006D4A14 /* SettingsView.swift */ = {isa = PBXFileReference; lastKnownFileType = sourcecode.swift; path = SettingsView.swift; sourceTree = "<group>"; };
		BDB54BDF2F994666006D4A14 /* SignInView.swift */ = {isa = PBXFileReference; lastKnownFileType = sourcecode.swift; path = SignInView.swift; sourceTree = "<group>"; };
		BDB54BE02F994666006D4A14 /* StatsView.swift */ = {isa = PBXFileReference; lastKnownFileType = sourcecode.swift; path = StatsView.swift; sourceTree = "<group>"; };
		BDB54BEB2F99473A006D4A14 /* PulsaraComponents.swift */ = {isa = PBXFileReference; lastKnownFileType = sourcecode.swift; path = PulsaraComponents.swift; sourceTree = "<group>"; };
/* End PBXFileReference section */

/* Begin PBXFileSystemSynchronizedRootGroup section */
		BDB54B722F99409B006D4A14 /* Pulsara */ = {
			isa = PBXFileSystemSynchronizedRootGroup;
			path = Pulsara;
			sourceTree = "<group>";
		};
		BDB54B802F99409C006D4A14 /* PulsaraTests */ = {
			isa = PBXFileSystemSynchronizedRootGroup;
			path = PulsaraTests;
			sourceTree = "<group>";
		};
		BDB54B8A2F99409C006D4A14 /* PulsaraUITests */ = {
			isa = PBXFileSystemSynchronizedRootGroup;
			path = PulsaraUITests;
			sourceTree = "<group>";
		};
/* End PBXFileSystemSynchronizedRootGroup section */

/* Begin PBXFrameworksBuildPhase section */
		BDB54B6D2F99409B006D4A14 /* Frameworks */ = {
			isa = PBXFrameworksBuildPhase;
			buildActionMask = 2147483647;
			files = (
			);
			runOnlyForDeploymentPostprocessing = 0;
		};
		BDB54B7A2F99409C006D4A14 /* Frameworks */ = {
			isa = PBXFrameworksBuildPhase;
			buildActionMask = 2147483647;
			files = (
			);
			runOnlyForDeploymentPostprocessing = 0;
		};
		BDB54B842F99409C006D4A14 /* Frameworks */ = {
			isa = PBXFrameworksBuildPhase;
			buildActionMask = 2147483647;
			files = (
			);
			runOnlyForDeploymentPostprocessing = 0;
		};
/* End PBXFrameworksBuildPhase section */

/* Begin PBXGroup section */
		BDB54B672F99409B006D4A14 = {
			isa = PBXGroup;
			children = (
				BDB54BD82F994666006D4A14 /* Theme 2 */,
				BDB54BE12F994666006D4A14 /* Views */,
				BDB54B9A2F9940B2006D4A14 /* Models */,
				BDB54B9B2F9940B2006D4A14 /* Services */,
				BDB54B722F99409B006D4A14 /* Pulsara */,
				BDB54B802F99409C006D4A14 /* PulsaraTests */,
				BDB54B8A2F99409C006D4A14 /* PulsaraUITests */,
				BDB54B712F99409B006D4A14 /* Products */,
			);
			sourceTree = "<group>";
		};
		BDB54B712F99409B006D4A14 /* Products */ = {
			isa = PBXGroup;
			children = (
				BDB54B702F99409B006D4A14 /* Pulsara.app */,
				BDB54B7D2F99409C006D4A14 /* PulsaraTests.xctest */,
				BDB54B872F99409C006D4A14 /* PulsaraUITests.xctest */,
			);
			name = Products;
			sourceTree = "<group>";
		};
		BDB54B9A2F9940B2006D4A14 /* Models */ = {
			isa = PBXGroup;
			children = (
			);
			path = Models;
			sourceTree = "<group>";
		};
		BDB54B9B2F9940B2006D4A14 /* Services */ = {
			isa = PBXGroup;
			children = (
			);
			path = Services;
			sourceTree = "<group>";
		};
		BDB54BD82F994666006D4A14 /* Theme 2 */ = {
			isa = PBXGroup;
			children = (
				BDB54BD72F994666006D4A14 /* Theme.swift */,
			);
			path = "Theme 2";
			sourceTree = "<group>";
		};
		BDB54BE12F994666006D4A14 /* Views */ = {
			isa = PBXGroup;
			children = (
				BDB54BD92F994666006D4A14 /* CalendarView.swift */,
				BDB54BDA2F994666006D4A14 /* HomeView.swift */,
				BDB54BDB2F994666006D4A14 /* JournalEntryView.swift */,
				BDB54BDC2F994666006D4A14 /* PatientListView.swift */,
				BDB54BDD2F994666006D4A14 /* RoleSelectionView.swift */,
				BDB54BDE2F994666006D4A14 /* SettingsView.swift */,
				BDB54BDF2F994666006D4A14 /* SignInView.swift */,
				BDB54BE02F994666006D4A14 /* StatsView.swift */,
				BDB54BEB2F99473A006D4A14 /* PulsaraComponents.swift */,
			);
			path = Views;
			sourceTree = "<group>";
		};
/* End PBXGroup section */

/* Begin PBXNativeTarget section */
		BDB54B6F2F99409B006D4A14 /* Pulsara */ = {
			isa = PBXNativeTarget;
			buildConfigurationList = BDB54B912F99409C006D4A14 /* Build configuration list for PBXNativeTarget "Pulsara" */;
			buildPhases = (
				BDB54B6C2F99409B006D4A14 /* Sources */,
				BDB54B6D2F99409B006D4A14 /* Frameworks */,
				BDB54B6E2F99409B006D4A14 /* Resources */,
			);
			buildRules = (
			);
			dependencies = (
			);
			fileSystemSynchronizedGroups = (
				BDB54B722F99409B006D4A14 /* Pulsara */,
			);
			name = Pulsara;
			packageProductDependencies = (
			);
			productName = Pulsara;
			productReference = BDB54B702F99409B006D4A14 /* Pulsara.app */;
			productType = "com.apple.product-type.application";
		};
		BDB54B7C2F99409C006D4A14 /* PulsaraTests */ = {
			isa = PBXNativeTarget;
			buildConfigurationList = BDB54B942F99409C006D4A14 /* Build configuration list for PBXNativeTarget "PulsaraTests" */;
			buildPhases = (
				BDB54B792F99409C006D4A14 /* Sources */,
				BDB54B7A2F99409C006D4A14 /* Frameworks */,
				BDB54B7B2F99409C006D4A14 /* Resources */,
			);
			buildRules = (
			);
			dependencies = (
				BDB54B7F2F99409C006D4A14 /* PBXTargetDependency */,
			);
			fileSystemSynchronizedGroups = (
				BDB54B802F99409C006D4A14 /* PulsaraTests */,
			);
			name = PulsaraTests;
			packageProductDependencies = (
			);
			productName = PulsaraTests;
			productReference = BDB54B7D2F99409C006D4A14 /* PulsaraTests.xctest */;
			productType = "com.apple.product-type.bundle.unit-test";
		};
		BDB54B862F99409C006D4A14 /* PulsaraUITests */ = {
			isa = PBXNativeTarget;
			buildConfigurationList = BDB54B972F99409C006D4A14 /* Build configuration list for PBXNativeTarget "PulsaraUITests" */;
			buildPhases = (
				BDB54B832F99409C006D4A14 /* Sources */,
				BDB54B842F99409C006D4A14 /* Frameworks */,
				BDB54B852F99409C006D4A14 /* Resources */,
			);
			buildRules = (
			);
			dependencies = (
				BDB54B892F99409C006D4A14 /* PBXTargetDependency */,
			);
			fileSystemSynchronizedGroups = (
				BDB54B8A2F99409C006D4A14 /* PulsaraUITests */,
			);
			name = PulsaraUITests;
			packageProductDependencies = (
			);
			productName = PulsaraUITests;
			productReference = BDB54B872F99409C006D4A14 /* PulsaraUITests.xctest */;
			productType = "com.apple.product-type.bundle.ui-testing";
		};
/* End PBXNativeTarget section */

/* Begin PBXProject section */
		BDB54B682F99409B006D4A14 /* Project object */ = {
			isa = PBXProject;
			attributes = {
				BuildIndependentTargetsInParallel = 1;
				LastSwiftUpdateCheck = 2640;
				LastUpgradeCheck = 2640;
				TargetAttributes = {
					BDB54B6F2F99409B006D4A14 = {
						CreatedOnToolsVersion = 26.4;
					};
					BDB54B7C2F99409C006D4A14 = {
						CreatedOnToolsVersion = 26.4;
						TestTargetID = BDB54B6F2F99409B006D4A14;
					};
					BDB54B862F99409C006D4A14 = {
						CreatedOnToolsVersion = 26.4;
						TestTargetID = BDB54B6F2F99409B006D4A14;
					};
				};
			};
			buildConfigurationList = BDB54B6B2F99409B006D4A14 /* Build configuration list for PBXProject "Pulsara" */;
			developmentRegion = en;
			hasScannedForEncodings = 0;
			knownRegions = (
				en,
				Base,
			);
			mainGroup = BDB54B672F99409B006D4A14;
			minimizedProjectReferenceProxies = 1;
			preferredProjectObjectVersion = 77;
			productRefGroup = BDB54B712F99409B006D4A14 /* Products */;
			projectDirPath = "";
			projectRoot = "";
			targets = (
				BDB54B6F2F99409B006D4A14 /* Pulsara */,
				BDB54B7C2F99409C006D4A14 /* PulsaraTests */,
				BDB54B862F99409C006D4A14 /* PulsaraUITests */,
			);
		};
/* End PBXProject section */

/* Begin PBXResourcesBuildPhase section */
		BDB54B6E2F99409B006D4A14 /* Resources */ = {
			isa = PBXResourcesBuildPhase;
			buildActionMask = 2147483647;
			files = (
			);
			runOnlyForDeploymentPostprocessing = 0;
		};
		BDB54B7B2F99409C006D4A14 /* Resources */ = {
			isa = PBXResourcesBuildPhase;
			buildActionMask = 2147483647;
			files = (
			);
			runOnlyForDeploymentPostprocessing = 0;
		};
		BDB54B852F99409C006D4A14 /* Resources */ = {
			isa = PBXResourcesBuildPhase;
			buildActionMask = 2147483647;
			files = (
			);
			runOnlyForDeploymentPostprocessing = 0;
		};
/* End PBXResourcesBuildPhase section */

/* Begin PBXSourcesBuildPhase section */
		BDB54B6C2F99409B006D4A14 /* Sources */ = {
			isa = PBXSourcesBuildPhase;
			buildActionMask = 2147483647;
			files = (
				BDB54BE22F994666006D4A14 /* PatientListView.swift in Sources */,
				BDB54BE32F994666006D4A14 /* StatsView.swift in Sources */,
				BDB54BEC2F99473A006D4A14 /* PulsaraComponents.swift in Sources */,
				BDB54BE42F994666006D4A14 /* HomeView.swift in Sources */,
				BDB54BE52F994666006D4A14 /* SettingsView.swift in Sources */,
				BDB54BE62F994666006D4A14 /* SignInView.swift in Sources */,
				BDB54BE72F994666006D4A14 /* CalendarView.swift in Sources */,
				BDB54BE82F994666006D4A14 /* Theme.swift in Sources */,
				BDB54BE92F994666006D4A14 /* JournalEntryView.swift in Sources */,
				BDB54BEA2F994666006D4A14 /* RoleSelectionView.swift in Sources */,
			);
			runOnlyForDeploymentPostprocessing = 0;
		};
		BDB54B792F99409C006D4A14 /* Sources */ = {
			isa = PBXSourcesBuildPhase;
			buildActionMask = 2147483647;
			files = (
			);
			runOnlyForDeploymentPostprocessing = 0;
		};
		BDB54B832F99409C006D4A14 /* Sources */ = {
			isa = PBXSourcesBuildPhase;
			buildActionMask = 2147483647;
			files = (
			);
			runOnlyForDeploymentPostprocessing = 0;
		};
/* End PBXSourcesBuildPhase section */

/* Begin PBXTargetDependency section */
		BDB54B7F2F99409C006D4A14 /* PBXTargetDependency */ = {
			isa = PBXTargetDependency;
			target = BDB54B6F2F99409B006D4A14 /* Pulsara */;
			targetProxy = BDB54B7E2F99409C006D4A14 /* PBXContainerItemProxy */;
		};
		BDB54B892F99409C006D4A14 /* PBXTargetDependency */ = {
			isa = PBXTargetDependency;
			target = BDB54B6F2F99409B006D4A14 /* Pulsara */;
			targetProxy = BDB54B882F99409C006D4A14 /* PBXContainerItemProxy */;
		};
/* End PBXTargetDependency section */

/* Begin XCBuildConfiguration section */
		BDB54B8F2F99409C006D4A14 /* Debug */ = {
			isa = XCBuildConfiguration;
			buildSettings = {
				ALWAYS_SEARCH_USER_PATHS = NO;
				ASSETCATALOG_COMPILER_GENERATE_SWIFT_ASSET_SYMBOL_EXTENSIONS = YES;
				CLANG_ANALYZER_NONNULL = YES;
				CLANG_ANALYZER_NUMBER_OBJECT_CONVERSION = YES_AGGRESSIVE;
				CLANG_CXX_LANGUAGE_STANDARD = "gnu++20";
				CLANG_ENABLE_MODULES = YES;
				CLANG_ENABLE_OBJC_ARC = YES;
				CLANG_ENABLE_OBJC_WEAK = YES;
				CLANG_WARN_BLOCK_CAPTURE_AUTORELEASING = YES;
				CLANG_WARN_BOOL_CONVERSION = YES;
				CLANG_WARN_COMMA = YES;
				CLANG_WARN_CONSTANT_CONVERSION = YES;
				CLANG_WARN_DEPRECATED_OBJC_IMPLEMENTATIONS = YES;
				CLANG_WARN_DIRECT_OBJC_ISA_USAGE = YES_ERROR;
				CLANG_WARN_DOCUMENTATION_COMMENTS = YES;
				CLANG_WARN_EMPTY_BODY = YES;
				CLANG_WARN_ENUM_CONVERSION = YES;
				CLANG_WARN_INFINITE_RECURSION = YES;
				CLANG_WARN_INT_CONVERSION = YES;
				CLANG_WARN_NON_LITERAL_NULL_CONVERSION = YES;
				CLANG_WARN_OBJC_IMPLICIT_RETAIN_SELF = YES;
				CLANG_WARN_OBJC_LITERAL_CONVERSION = YES;
				CLANG_WARN_OBJC_ROOT_CLASS = YES_ERROR;
				CLANG_WARN_QUOTED_INCLUDE_IN_FRAMEWORK_HEADER = YES;
				CLANG_WARN_RANGE_LOOP_ANALYSIS = YES;
				CLANG_WARN_STRICT_PROTOTYPES = YES;
				CLANG_WARN_SUSPICIOUS_MOVE = YES;
				CLANG_WARN_UNGUARDED_AVAILABILITY = YES_AGGRESSIVE;
				CLANG_WARN_UNREACHABLE_CODE = YES;
				CLANG_WARN__DUPLICATE_METHOD_MATCH = YES;
				COPY_PHASE_STRIP = NO;
				DEBUG_INFORMATION_FORMAT = dwarf;
				ENABLE_STRICT_OBJC_MSGSEND = YES;
				ENABLE_TESTABILITY = YES;
				ENABLE_USER_SCRIPT_SANDBOXING = YES;
				GCC_C_LANGUAGE_STANDARD = gnu17;
				GCC_DYNAMIC_NO_PIC = NO;
				GCC_NO_COMMON_BLOCKS = YES;
				GCC_OPTIMIZATION_LEVEL = 0;
				GCC_PREPROCESSOR_DEFINITIONS = (
					"DEBUG=1",
					"$(inherited)",
				);
				GCC_WARN_64_TO_32_BIT_CONVERSION = YES;
				GCC_WARN_ABOUT_RETURN_TYPE = YES_ERROR;
				GCC_WARN_UNDECLARED_SELECTOR = YES;
				GCC_WARN_UNINITIALIZED_AUTOS = YES_AGGRESSIVE;
				GCC_WARN_UNUSED_FUNCTION = YES;
				GCC_WARN_UNUSED_VARIABLE = YES;
				IPHONEOS_DEPLOYMENT_TARGET = 26.4;
				LOCALIZATION_PREFERS_STRING_CATALOGS = YES;
				MTL_ENABLE_DEBUG_INFO = INCLUDE_SOURCE;
				MTL_FAST_MATH = YES;
				ONLY_ACTIVE_ARCH = YES;
				SDKROOT = iphoneos;
				SWIFT_ACTIVE_COMPILATION_CONDITIONS = "DEBUG $(inherited)";
				SWIFT_OPTIMIZATION_LEVEL = "-Onone";
			};
			name = Debug;
		};
		BDB54B902F99409C006D4A14 /* Release */ = {
			isa = XCBuildConfiguration;
			buildSettings = {
				ALWAYS_SEARCH_USER_PATHS = NO;
				ASSETCATALOG_COMPILER_GENERATE_SWIFT_ASSET_SYMBOL_EXTENSIONS = YES;
				CLANG_ANALYZER_NONNULL = YES;
				CLANG_ANALYZER_NUMBER_OBJECT_CONVERSION = YES_AGGRESSIVE;
				CLANG_CXX_LANGUAGE_STANDARD = "gnu++20";
				CLANG_ENABLE_MODULES = YES;
				CLANG_ENABLE_OBJC_ARC = YES;
				CLANG_ENABLE_OBJC_WEAK = YES;
				CLANG_WARN_BLOCK_CAPTURE_AUTORELEASING = YES;
				CLANG_WARN_BOOL_CONVERSION = YES;
				CLANG_WARN_COMMA = YES;
				CLANG_WARN_CONSTANT_CONVERSION = YES;
				CLANG_WARN_DEPRECATED_OBJC_IMPLEMENTATIONS = YES;
				CLANG_WARN_DIRECT_OBJC_ISA_USAGE = YES_ERROR;
				CLANG_WARN_DOCUMENTATION_COMMENTS = YES;
				CLANG_WARN_EMPTY_BODY = YES;
				CLANG_WARN_ENUM_CONVERSION = YES;
				CLANG_WARN_INFINITE_RECURSION = YES;
				CLANG_WARN_INT_CONVERSION = YES;
				CLANG_WARN_NON_LITERAL_NULL_CONVERSION = YES;
				CLANG_WARN_OBJC_IMPLICIT_RETAIN_SELF = YES;
				CLANG_WARN_OBJC_LITERAL_CONVERSION = YES;
				CLANG_WARN_OBJC_ROOT_CLASS = YES_ERROR;
				CLANG_WARN_QUOTED_INCLUDE_IN_FRAMEWORK_HEADER = YES;
				CLANG_WARN_RANGE_LOOP_ANALYSIS = YES;
				CLANG_WARN_STRICT_PROTOTYPES = YES;
				CLANG_WARN_SUSPICIOUS_MOVE = YES;
				CLANG_WARN_UNGUARDED_AVAILABILITY = YES_AGGRESSIVE;
				CLANG_WARN_UNREACHABLE_CODE = YES;
				CLANG_WARN__DUPLICATE_METHOD_MATCH = YES;
				COPY_PHASE_STRIP = NO;
				DEBUG_INFORMATION_FORMAT = "dwarf-with-dsym";
				ENABLE_NS_ASSERTIONS = NO;
				ENABLE_STRICT_OBJC_MSGSEND = YES;
				ENABLE_USER_SCRIPT_SANDBOXING = YES;
				GCC_C_LANGUAGE_STANDARD = gnu17;
				GCC_NO_COMMON_BLOCKS = YES;
				GCC_WARN_64_TO_32_BIT_CONVERSION = YES;
				GCC_WARN_ABOUT_RETURN_TYPE = YES_ERROR;
				GCC_WARN_UNDECLARED_SELECTOR = YES;
				GCC_WARN_UNINITIALIZED_AUTOS = YES_AGGRESSIVE;
				GCC_WARN_UNUSED_FUNCTION = YES;
				GCC_WARN_UNUSED_VARIABLE = YES;
				IPHONEOS_DEPLOYMENT_TARGET = 26.4;
				LOCALIZATION_PREFERS_STRING_CATALOGS = YES;
				MTL_ENABLE_DEBUG_INFO = NO;
				MTL_FAST_MATH = YES;
				SDKROOT = iphoneos;
				SWIFT_COMPILATION_MODE = wholemodule;
				VALIDATE_PRODUCT = YES;
			};
			name = Release;
		};
		BDB54B922F99409C006D4A14 /* Debug */ = {
			isa = XCBuildConfiguration;
			buildSettings = {
				ASSETCATALOG_COMPILER_APPICON_NAME = AppIcon;
				ASSETCATALOG_COMPILER_GLOBAL_ACCENT_COLOR_NAME = AccentColor;
				CODE_SIGN_STYLE = Automatic;
				CURRENT_PROJECT_VERSION = 1;
				ENABLE_PREVIEWS = YES;
				GENERATE_INFOPLIST_FILE = YES;
				INFOPLIST_KEY_UIApplicationSceneManifest_Generation = YES;
				INFOPLIST_KEY_UIApplicationSupportsIndirectInputEvents = YES;
				INFOPLIST_KEY_UILaunchScreen_Generation = YES;
				INFOPLIST_KEY_UISupportedInterfaceOrientations_iPad = "UIInterfaceOrientationPortrait UIInterfaceOrientationPortraitUpsideDown UIInterfaceOrientationLandscapeLeft UIInterfaceOrientationLandscapeRight";
				INFOPLIST_KEY_UISupportedInterfaceOrientations_iPhone = "UIInterfaceOrientationPortrait UIInterfaceOrientationLandscapeLeft UIInterfaceOrientationLandscapeRight";
				LD_RUNPATH_SEARCH_PATHS = (
					"$(inherited)",
					"@executable_path/Frameworks",
				);
				MARKETING_VERSION = 1.0;
				PRODUCT_BUNDLE_IDENTIFIER = org.pulsara.Pulsara;
				PRODUCT_NAME = "$(TARGET_NAME)";
				STRING_CATALOG_GENERATE_SYMBOLS = YES;
				SWIFT_APPROACHABLE_CONCURRENCY = YES;
				SWIFT_DEFAULT_ACTOR_ISOLATION = MainActor;
				SWIFT_EMIT_LOC_STRINGS = YES;
				SWIFT_UPCOMING_FEATURE_MEMBER_IMPORT_VISIBILITY = YES;
				SWIFT_VERSION = 5.0;
				TARGETED_DEVICE_FAMILY = "1,2";
			};
			name = Debug;
		};
		BDB54B932F99409C006D4A14 /* Release */ = {
			isa = XCBuildConfiguration;
			buildSettings = {
				ASSETCATALOG_COMPILER_APPICON_NAME = AppIcon;
				ASSETCATALOG_COMPILER_GLOBAL_ACCENT_COLOR_NAME = AccentColor;
				CODE_SIGN_STYLE = Automatic;
				CURRENT_PROJECT_VERSION = 1;
				ENABLE_PREVIEWS = YES;
				GENERATE_INFOPLIST_FILE = YES;
				INFOPLIST_KEY_UIApplicationSceneManifest_Generation = YES;
				INFOPLIST_KEY_UIApplicationSupportsIndirectInputEvents = YES;
				INFOPLIST_KEY_UILaunchScreen_Generation = YES;
				INFOPLIST_KEY_UISupportedInterfaceOrientations_iPad = "UIInterfaceOrientationPortrait UIInterfaceOrientationPortraitUpsideDown UIInterfaceOrientationLandscapeLeft UIInterfaceOrientationLandscapeRight";
				INFOPLIST_KEY_UISupportedInterfaceOrientations_iPhone = "UIInterfaceOrientationPortrait UIInterfaceOrientationLandscapeLeft UIInterfaceOrientationLandscapeRight";
				LD_RUNPATH_SEARCH_PATHS = (
					"$(inherited)",
					"@executable_path/Frameworks",
				);
				MARKETING_VERSION = 1.0;
				PRODUCT_BUNDLE_IDENTIFIER = org.pulsara.Pulsara;
				PRODUCT_NAME = "$(TARGET_NAME)";
				STRING_CATALOG_GENERATE_SYMBOLS = YES;
				SWIFT_APPROACHABLE_CONCURRENCY = YES;
				SWIFT_DEFAULT_ACTOR_ISOLATION = MainActor;
				SWIFT_EMIT_LOC_STRINGS = YES;
				SWIFT_UPCOMING_FEATURE_MEMBER_IMPORT_VISIBILITY = YES;
				SWIFT_VERSION = 5.0;
				TARGETED_DEVICE_FAMILY = "1,2";
			};
			name = Release;
		};
		BDB54B952F99409C006D4A14 /* Debug */ = {
			isa = XCBuildConfiguration;
			buildSettings = {
				BUNDLE_LOADER = "$(TEST_HOST)";
				CODE_SIGN_STYLE = Automatic;
				CURRENT_PROJECT_VERSION = 1;
				GENERATE_INFOPLIST_FILE = YES;
				IPHONEOS_DEPLOYMENT_TARGET = 26.4;
				MARKETING_VERSION = 1.0;
				PRODUCT_BUNDLE_IDENTIFIER = org.pulsara.PulsaraTests;
				PRODUCT_NAME = "$(TARGET_NAME)";
				STRING_CATALOG_GENERATE_SYMBOLS = NO;
				SWIFT_APPROACHABLE_CONCURRENCY = YES;
				SWIFT_EMIT_LOC_STRINGS = NO;
				SWIFT_UPCOMING_FEATURE_MEMBER_IMPORT_VISIBILITY = YES;
				SWIFT_VERSION = 5.0;
				TARGETED_DEVICE_FAMILY = "1,2";
				TEST_HOST = "$(BUILT_PRODUCTS_DIR)/Pulsara.app/$(BUNDLE_EXECUTABLE_FOLDER_PATH)/Pulsara";
			};
			name = Debug;
		};
		BDB54B962F99409C006D4A14 /* Release */ = {
			isa = XCBuildConfiguration;
			buildSettings = {
				BUNDLE_LOADER = "$(TEST_HOST)";
				CODE_SIGN_STYLE = Automatic;
				CURRENT_PROJECT_VERSION = 1;
				GENERATE_INFOPLIST_FILE = YES;
				IPHONEOS_DEPLOYMENT_TARGET = 26.4;
				MARKETING_VERSION = 1.0;
				PRODUCT_BUNDLE_IDENTIFIER = org.pulsara.PulsaraTests;
				PRODUCT_NAME = "$(TARGET_NAME)";
				STRING_CATALOG_GENERATE_SYMBOLS = NO;
				SWIFT_APPROACHABLE_CONCURRENCY = YES;
				SWIFT_EMIT_LOC_STRINGS = NO;
				SWIFT_UPCOMING_FEATURE_MEMBER_IMPORT_VISIBILITY = YES;
				SWIFT_VERSION = 5.0;
				TARGETED_DEVICE_FAMILY = "1,2";
				TEST_HOST = "$(BUILT_PRODUCTS_DIR)/Pulsara.app/$(BUNDLE_EXECUTABLE_FOLDER_PATH)/Pulsara";
			};
			name = Release;
		};
		BDB54B982F99409C006D4A14 /* Debug */ = {
			isa = XCBuildConfiguration;
			buildSettings = {
				CODE_SIGN_STYLE = Automatic;
				CURRENT_PROJECT_VERSION = 1;
				GENERATE_INFOPLIST_FILE = YES;
				MARKETING_VERSION = 1.0;
				PRODUCT_BUNDLE_IDENTIFIER = org.pulsara.PulsaraUITests;
				PRODUCT_NAME = "$(TARGET_NAME)";
				STRING_CATALOG_GENERATE_SYMBOLS = NO;
				SWIFT_APPROACHABLE_CONCURRENCY = YES;
				SWIFT_EMIT_LOC_STRINGS = NO;
				SWIFT_UPCOMING_FEATURE_MEMBER_IMPORT_VISIBILITY = YES;
				SWIFT_VERSION = 5.0;
				TARGETED_DEVICE_FAMILY = "1,2";
				TEST_TARGET_NAME = Pulsara;
			};
			name = Debug;
		};
		BDB54B992F99409C006D4A14 /* Release */ = {
			isa = XCBuildConfiguration;
			buildSettings = {
				CODE_SIGN_STYLE = Automatic;
				CURRENT_PROJECT_VERSION = 1;
				GENERATE_INFOPLIST_FILE = YES;
				MARKETING_VERSION = 1.0;
				PRODUCT_BUNDLE_IDENTIFIER = org.pulsara.PulsaraUITests;
				PRODUCT_NAME = "$(TARGET_NAME)";
				STRING_CATALOG_GENERATE_SYMBOLS = NO;
				SWIFT_APPROACHABLE_CONCURRENCY = YES;
				SWIFT_EMIT_LOC_STRINGS = NO;
				SWIFT_UPCOMING_FEATURE_MEMBER_IMPORT_VISIBILITY = YES;
				SWIFT_VERSION = 5.0;
				TARGETED_DEVICE_FAMILY = "1,2";
				TEST_TARGET_NAME = Pulsara;
			};
			name = Release;
		};
/* End XCBuildConfiguration section */

/* Begin XCConfigurationList section */
		BDB54B6B2F99409B006D4A14 /* Build configuration list for PBXProject "Pulsara" */ = {
			isa = XCConfigurationList;
			buildConfigurations = (
				BDB54B8F2F99409C006D4A14 /* Debug */,
				BDB54B902F99409C006D4A14 /* Release */,
			);
			defaultConfigurationIsVisible = 0;
			defaultConfigurationName = Release;
		};
		BDB54B912F99409C006D4A14 /* Build configuration list for PBXNativeTarget "Pulsara" */ = {
			isa = XCConfigurationList;
			buildConfigurations = (
				BDB54B922F99409C006D4A14 /* Debug */,
				BDB54B932F99409C006D4A14 /* Release */,
			);
			defaultConfigurationIsVisible = 0;
			defaultConfigurationName = Release;
		};
		BDB54B942F99409C006D4A14 /* Build configuration list for PBXNativeTarget "PulsaraTests" */ = {
			isa = XCConfigurationList;
			buildConfigurations = (
				BDB54B952F99409C006D4A14 /* Debug */,
				BDB54B962F99409C006D4A14 /* Release */,
			);
			defaultConfigurationIsVisible = 0;
			defaultConfigurationName = Release;
		};
		BDB54B972F99409C006D4A14 /* Build configuration list for PBXNativeTarget "PulsaraUITests" */ = {
			isa = XCConfigurationList;
			buildConfigurations = (
				BDB54B982F99409C006D4A14 /* Debug */,
				BDB54B992F99409C006D4A14 /* Release */,
			);
			defaultConfigurationIsVisible = 0;
			defaultConfigurationName = Release;
		};
/* End XCConfigurationList section */
	};
	rootObject = BDB54B682F99409B006D4A14 /* Project object */;
}
